
Microsoft Visual Studio Solution File, Format Version 12.00
# Visual Studio Version 17
VisualStudioVersion = 17.14.36811.4 d17.14
MinimumVisualStudioVersion = 10.0.40219.1
Project("{FAE04EC0-301F-11D3-BF4B-00C04F79EFBC}") = "Lab3", "Lab3\Lab3.csproj", "{A78F85E1-B9EA-41A3-A24F-DC6D9DAAD87A}"
EndProject
Global
	GlobalSection(SolutionConfigurationPlatforms) = preSolution
		Debug|Any CPU = Debug|Any CPU
		Release|Any CPU = Release|Any CPU
	EndGlobalSection
	GlobalSection(ProjectConfigurationPlatforms) = postSolution
		{A78F85E1-B9EA-41A3-A24F-DC6D9DAAD87A}.Debug|Any CPU.ActiveCfg = Debug|Any CPU
		{A78F85E1-B9EA-41A3-A24F-DC6D9DAAD87A}.Debug|Any CPU.Build.0 = Debug|Any CPU
		{A78F85E1-B9EA-41A3-A24F-DC6D9DAAD87A}.Release|Any CPU.ActiveCfg = Release|Any CPU
		{A78F85E1-B9EA-41A3-A24F-DC6D9DAAD87A}.Release|Any CPU.Build.0 = Release|Any CPU
	EndGlobalSection
	GlobalSection(SolutionProperties) = preSolution
		HideSolutionNode = FALSE
	EndGlobalSection
	GlobalSection(ExtensibilityGlobals) = postSolution
		SolutionGuid = {462DBBA1-6D9B-42DB-BA43-D5E70354A6B4}
	EndGlobalSection
EndGlobal
