
Microsoft Visual Studio Solution File, Format Version 12.00
# Visual Studio Version 17
VisualStudioVersion = 17.14.37027.9 d17.14
MinimumVisualStudioVersion = 10.0.40219.1
Project("{FAE04EC0-301F-11D3-BF4B-00C04F79EFBC}") = "M11_Lab", "M11_Lab\M11_Lab.csproj", "{70308DA4-8029-420A-A3E3-D91FB8AE78BF}"
EndProject
Global
	GlobalSection(SolutionConfigurationPlatforms) = preSolution
		Debug|Any CPU = Debug|Any CPU
		Release|Any CPU = Release|Any CPU
	EndGlobalSection
	GlobalSection(ProjectConfigurationPlatforms) = postSolution
		{70308DA4-8029-420A-A3E3-D91FB8AE78BF}.Debug|Any CPU.ActiveCfg = Debug|Any CPU
		{70308DA4-8029-420A-A3E3-D91FB8AE78BF}.Debug|Any CPU.Build.0 = Debug|Any CPU
		{70308DA4-8029-420A-A3E3-D91FB8AE78BF}.Release|Any CPU.ActiveCfg = Release|Any CPU
		{70308DA4-8029-420A-A3E3-D91FB8AE78BF}.Release|Any CPU.Build.0 = Release|Any CPU
	EndGlobalSection
	GlobalSection(SolutionProperties) = preSolution
		HideSolutionNode = FALSE
	EndGlobalSection
	GlobalSection(ExtensibilityGlobals) = postSolution
		SolutionGuid = {793A2B53-C464-4E2B-9E7A-71FE8F4BB0D7}
	EndGlobalSection
EndGlobal
