
Microsoft Visual Studio Solution File, Format Version 12.00
# Visual Studio Version 17
VisualStudioVersion = 17.14.37111.16 d17.14
MinimumVisualStudioVersion = 10.0.40219.1
Project("{FAE04EC0-301F-11D3-BF4B-00C04F79EFBC}") = "M11_LAB", "M11_LAB\M11_LAB.csproj", "{086C4B49-59CA-4AF8-8622-D5B9A0997C24}"
EndProject
Global
	GlobalSection(SolutionConfigurationPlatforms) = preSolution
		Debug|Any CPU = Debug|Any CPU
		Release|Any CPU = Release|Any CPU
	EndGlobalSection
	GlobalSection(ProjectConfigurationPlatforms) = postSolution
		{086C4B49-59CA-4AF8-8622-D5B9A0997C24}.Debug|Any CPU.ActiveCfg = Debug|Any CPU
		{086C4B49-59CA-4AF8-8622-D5B9A0997C24}.Debug|Any CPU.Build.0 = Debug|Any CPU
		{086C4B49-59CA-4AF8-8622-D5B9A0997C24}.Release|Any CPU.ActiveCfg = Release|Any CPU
		{086C4B49-59CA-4AF8-8622-D5B9A0997C24}.Release|Any CPU.Build.0 = Release|Any CPU
	EndGlobalSection
	GlobalSection(SolutionProperties) = preSolution
		HideSolutionNode = FALSE
	EndGlobalSection
	GlobalSection(ExtensibilityGlobals) = postSolution
		SolutionGuid = {709E0015-F9A0-4C9E-838D-021B216F5243}
	EndGlobalSection
EndGlobal
