
Microsoft Visual Studio Solution File, Format Version 12.00
# Visual Studio Version 17
VisualStudioVersion = 17.14.36811.4 d17.14
MinimumVisualStudioVersion = 10.0.40219.1
Project("{FAE04EC0-301F-11D3-BF4B-00C04F79EFBC}") = "M1_M2_Lab", "M1_M2_Lab\M1_M2_Lab.csproj", "{6FB655ED-A419-46CC-92DD-EE90D52D683C}"
EndProject
Global
	GlobalSection(SolutionConfigurationPlatforms) = preSolution
		Debug|Any CPU = Debug|Any CPU
		Release|Any CPU = Release|Any CPU
	EndGlobalSection
	GlobalSection(ProjectConfigurationPlatforms) = postSolution
		{6FB655ED-A419-46CC-92DD-EE90D52D683C}.Debug|Any CPU.ActiveCfg = Debug|Any CPU
		{6FB655ED-A419-46CC-92DD-EE90D52D683C}.Debug|Any CPU.Build.0 = Debug|Any CPU
		{6FB655ED-A419-46CC-92DD-EE90D52D683C}.Release|Any CPU.ActiveCfg = Release|Any CPU
		{6FB655ED-A419-46CC-92DD-EE90D52D683C}.Release|Any CPU.Build.0 = Release|Any CPU
	EndGlobalSection
	GlobalSection(SolutionProperties) = preSolution
		HideSolutionNode = FALSE
	EndGlobalSection
	GlobalSection(ExtensibilityGlobals) = postSolution
		SolutionGuid = {C0D3C158-3538-4BA3-ADFE-1EE39F511E2C}
	EndGlobalSection
EndGlobal
